// !$*UTF8*$!
{
	archiveVersion = 1;
	classes = {
	};
	objectVersion = 56;
	objects = {

/* Begin PBXBuildFile section */
		040905682AA9FC85003065B3 /* Extensions.swift in Sources */ = {isa = PBXBuildFile; fileRef = 040905672AA9FC85003065B3 /* Extensions.swift */; };
		041696272A9CC98400F638BF /* AppDelegate.swift in Sources */ = {isa = PBXBuildFile; fileRef = 041696262A9CC98400F638BF /* AppDelegate.swift */; };
		041696292A9CC98400F638BF /* SceneDelegate.swift in Sources */ = {isa = PBXBuildFile; fileRef = 041696282A9CC98400F638BF /* SceneDelegate.swift */; };
		0416962B2A9CC98400F638BF /* WeatherViewController.swift in Sources */ = {isa = PBXBuildFile; fileRef = 0416962A2A9CC98400F638BF /* WeatherViewController.swift */; };
		0416962E2A9CC98400F638BF /* Main.storyboard in Resources */ = {isa = PBXBuildFile; fileRef = 0416962C2A9CC98400F638BF /* Main.storyboard */; };
		041696332A9CC98500F638BF /* LaunchScreen.storyboard in Resources */ = {isa = PBXBuildFile; fileRef = 041696312A9CC98500F638BF /* LaunchScreen.storyboard */; };
		0438D10D2A9E379B004AB796 /* SearchController.swift in Sources */ = {isa = PBXBuildFile; fileRef = 0438D10C2A9E379B004AB796 /* SearchController.swift */; };
		044EDEF02AA9BE49007F9263 /* Montserrat-LightItalic.ttf in Resources */ = {isa = PBXBuildFile; fileRef = 044EDEDE2AA9BE49007F9263 /* Montserrat-LightItalic.ttf */; };
		044EDEF12AA9BE49007F9263 /* Montserrat-Medium.ttf in Resources */ = {isa = PBXBuildFile; fileRef = 044EDEDF2AA9BE49007F9263 /* Montserrat-Medium.ttf */; };
		044EDEF22AA9BE49007F9263 /* Montserrat-BoldItalic.ttf in Resources */ = {isa = PBXBuildFile; fileRef = 044EDEE02AA9BE49007F9263 /* Montserrat-BoldItalic.ttf */; };
		044EDEF32AA9BE49007F9263 /* Montserrat-Light.ttf in Resources */ = {isa = PBXBuildFile; fileRef = 044EDEE12AA9BE49007F9263 /* Montserrat-Light.ttf */; };
		044EDEF42AA9BE49007F9263 /* Montserrat-ThinItalic.ttf in Resources */ = {isa = PBXBuildFile; fileRef = 044EDEE22AA9BE49007F9263 /* Montserrat-ThinItalic.ttf */; };
		044EDEF52AA9BE49007F9263 /* Montserrat-ExtraLight.ttf in Resources */ = {isa = PBXBuildFile; fileRef = 044EDEE32AA9BE49007F9263 /* Montserrat-ExtraLight.ttf */; };
		044EDEF62AA9BE49007F9263 /* Montserrat-Thin.ttf in Resources */ = {isa = PBXBuildFile; fileRef = 044EDEE42AA9BE49007F9263 /* Montserrat-Thin.ttf */; };
		044EDEF72AA9BE49007F9263 /* Montserrat-Bold.ttf in Resources */ = {isa = PBXBuildFile; fileRef = 044EDEE52AA9BE49007F9263 /* Montserrat-Bold.ttf */; };
		044EDEF82AA9BE49007F9263 /* Montserrat-MediumItalic.ttf in Resources */ = {isa = PBXBuildFile; fileRef = 044EDEE62AA9BE49007F9263 /* Montserrat-MediumItalic.ttf */; };
		044EDEF92AA9BE49007F9263 /* Montserrat-BlackItalic.ttf in Resources */ = {isa = PBXBuildFile; fileRef = 044EDEE72AA9BE49007F9263 /* Montserrat-BlackItalic.ttf */; };
		044EDEFA2AA9BE49007F9263 /* Montserrat-SemiBold.ttf in Resources */ = {isa = PBXBuildFile; fileRef = 044EDEE82AA9BE49007F9263 /* Montserrat-SemiBold.ttf */; };
		044EDEFB2AA9BE49007F9263 /* Montserrat-ExtraLightItalic.ttf in Resources */ = {isa = PBXBuildFile; fileRef = 044EDEE92AA9BE49007F9263 /* Montserrat-ExtraLightItalic.ttf */; };
		044EDEFC2AA9BE49007F9263 /* Montserrat-ExtraBold.ttf in Resources */ = {isa = PBXBuildFile; fileRef = 044EDEEA2AA9BE49007F9263 /* Montserrat-ExtraBold.ttf */; };
		044EDEFD2AA9BE49007F9263 /* Montserrat-Black.ttf in Resources */ = {isa = PBXBuildFile; fileRef = 044EDEEB2AA9BE49007F9263 /* Montserrat-Black.ttf */; };
		044EDEFE2AA9BE49007F9263 /* Montserrat-Regular.ttf in Resources */ = {isa = PBXBuildFile; fileRef = 044EDEEC2AA9BE49007F9263 /* Montserrat-Regular.ttf */; };
		044EDEFF2AA9BE49007F9263 /* Montserrat-Italic.ttf in Resources */ = {isa = PBXBuildFile; fileRef = 044EDEED2AA9BE49007F9263 /* Montserrat-Italic.ttf */; };
		044EDF002AA9BE49007F9263 /* Montserrat-SemiBoldItalic.ttf in Resources */ = {isa = PBXBuildFile; fileRef = 044EDEEE2AA9BE49007F9263 /* Montserrat-SemiBoldItalic.ttf */; };
		044EDF012AA9BE49007F9263 /* Montserrat-ExtraBoldItalic.ttf in Resources */ = {isa = PBXBuildFile; fileRef = 044EDEEF2AA9BE49007F9263 /* Montserrat-ExtraBoldItalic.ttf */; };
		044EDF562AA9E22F007F9263 /* Assets.xcassets in Resources */ = {isa = PBXBuildFile; fileRef = 044EDF552AA9E22F007F9263 /* Assets.xcassets */; };
		04CB90D02A9CD6740075DDE7 /* WeatherModel.swift in Sources */ = {isa = PBXBuildFile; fileRef = 04CB90CF2A9CD6740075DDE7 /* WeatherModel.swift */; };
		04CB90D22A9CD6A30075DDE7 /* WeekModel.swift in Sources */ = {isa = PBXBuildFile; fileRef = 04CB90D12A9CD6A30075DDE7 /* WeekModel.swift */; };
		04CB90D52A9CD7070075DDE7 /* WeatherService.swift in Sources */ = {isa = PBXBuildFile; fileRef = 04CB90D42A9CD7070075DDE7 /* WeatherService.swift */; };
		04CB90D82A9CD76E0075DDE7 /* WeatherViewModel.swift in Sources */ = {isa = PBXBuildFile; fileRef = 04CB90D72A9CD76E0075DDE7 /* WeatherViewModel.swift */; };
		04CB90DA2A9CD7AA0075DDE7 /* WeekViewModel.swift in Sources */ = {isa = PBXBuildFile; fileRef = 04CB90D92A9CD7AA0075DDE7 /* WeekViewModel.swift */; };
		04CB90DD2A9CD7EE0075DDE7 /* MainView.swift in Sources */ = {isa = PBXBuildFile; fileRef = 04CB90DC2A9CD7EE0075DDE7 /* MainView.swift */; };
		04CB90DF2A9CD8510075DDE7 /* WeatherDayView.swift in Sources */ = {isa = PBXBuildFile; fileRef = 04CB90DE2A9CD8510075DDE7 /* WeatherDayView.swift */; };
		543B5D5A1A3A963A0AC9C8BD /* Pods_Neobis_iOS_WeatherApp.framework in Frameworks */ = {isa = PBXBuildFile; fileRef = 12CC6874302B3745D437AFE3 /* Pods_Neobis_iOS_WeatherApp.framework */; };
/* End PBXBuildFile section */

/* Begin PBXFileReference section */
		040905672AA9FC85003065B3 /* Extensions.swift */ = {isa = PBXFileReference; lastKnownFileType = sourcecode.swift; path = Extensions.swift; sourceTree = "<group>"; };
		041696232A9CC98400F638BF /* Neobis_iOS_WeatherApp.app */ = {isa = PBXFileReference; explicitFileType = wrapper.application; includeInIndex = 0; path = Neobis_iOS_WeatherApp.app; sourceTree = BUILT_PRODUCTS_DIR; };
		041696262A9CC98400F638BF /* AppDelegate.swift */ = {isa = PBXFileReference; lastKnownFileType = sourcecode.swift; path = AppDelegate.swift; sourceTree = "<group>"; };
		041696282A9CC98400F638BF /* SceneDelegate.swift */ = {isa = PBXFileReference; lastKnownFileType = sourcecode.swift; path = SceneDelegate.swift; sourceTree = "<group>"; };
		0416962A2A9CC98400F638BF /* WeatherViewController.swift */ = {isa = PBXFileReference; lastKnownFileType = sourcecode.swift; path = WeatherViewController.swift; sourceTree = "<group>"; };
		0416962D2A9CC98400F638BF /* Base */ = {isa = PBXFileReference; lastKnownFileType = file.storyboard; name = Base; path = Base.lproj/Main.storyboard; sourceTree = "<group>"; };
		041696322A9CC98500F638BF /* Base */ = {isa = PBXFileReference; lastKnownFileType = file.storyboard; name = Base; path = Base.lproj/LaunchScreen.storyboard; sourceTree = "<group>"; };
		041696342A9CC98500F638BF /* Info.plist */ = {isa = PBXFileReference; lastKnownFileType = text.plist.xml; path = Info.plist; sourceTree = "<group>"; };
		0438D10C2A9E379B004AB796 /* SearchController.swift */ = {isa = PBXFileReference; lastKnownFileType = sourcecode.swift; path = SearchController.swift; sourceTree = "<group>"; };
		044EDEDE2AA9BE49007F9263 /* Montserrat-LightItalic.ttf */ = {isa = PBXFileReference; lastKnownFileType = file; path = "Montserrat-LightItalic.ttf"; sourceTree = "<group>"; };
		044EDEDF2AA9BE49007F9263 /* Montserrat-Medium.ttf */ = {isa = PBXFileReference; lastKnownFileType = file; path = "Montserrat-Medium.ttf"; sourceTree = "<group>"; };
		044EDEE02AA9BE49007F9263 /* Montserrat-BoldItalic.ttf */ = {isa = PBXFileReference; lastKnownFileType = file; path = "Montserrat-BoldItalic.ttf"; sourceTree = "<group>"; };
		044EDEE12AA9BE49007F9263 /* Montserrat-Light.ttf */ = {isa = PBXFileReference; lastKnownFileType = file; path = "Montserrat-Light.ttf"; sourceTree = "<group>"; };
		044EDEE22AA9BE49007F9263 /* Montserrat-ThinItalic.ttf */ = {isa = PBXFileReference; lastKnownFileType = file; path = "Montserrat-ThinItalic.ttf"; sourceTree = "<group>"; };
		044EDEE32AA9BE49007F9263 /* Montserrat-ExtraLight.ttf */ = {isa = PBXFileReference; lastKnownFileType = file; path = "Montserrat-ExtraLight.ttf"; sourceTree = "<group>"; };
		044EDEE42AA9BE49007F9263 /* Montserrat-Thin.ttf */ = {isa = PBXFileReference; lastKnownFileType = file; path = "Montserrat-Thin.ttf"; sourceTree = "<group>"; };
		044EDEE52AA9BE49007F9263 /* Montserrat-Bold.ttf */ = {isa = PBXFileReference; lastKnownFileType = file; path = "Montserrat-Bold.ttf"; sourceTree = "<group>"; };
		044EDEE62AA9BE49007F9263 /* Montserrat-MediumItalic.ttf */ = {isa = PBXFileReference; lastKnownFileType = file; path = "Montserrat-MediumItalic.ttf"; sourceTree = "<group>"; };
		044EDEE72AA9BE49007F9263 /* Montserrat-BlackItalic.ttf */ = {isa = PBXFileReference; lastKnownFileType = file; path = "Montserrat-BlackItalic.ttf"; sourceTree = "<group>"; };
		044EDEE82AA9BE49007F9263 /* Montserrat-SemiBold.ttf */ = {isa = PBXFileReference; lastKnownFileType = file; path = "Montserrat-SemiBold.ttf"; sourceTree = "<group>"; };
		044EDEE92AA9BE49007F9263 /* Montserrat-ExtraLightItalic.ttf */ = {isa = PBXFileReference; lastKnownFileType = file; path = "Montserrat-ExtraLightItalic.ttf"; sourceTree = "<group>"; };
		044EDEEA2AA9BE49007F9263 /* Montserrat-ExtraBold.ttf */ = {isa = PBXFileReference; lastKnownFileType = file; path = "Montserrat-ExtraBold.ttf"; sourceTree = "<group>"; };
		044EDEEB2AA9BE49007F9263 /* Montserrat-Black.ttf */ = {isa = PBXFileReference; lastKnownFileType = file; path = "Montserrat-Black.ttf"; sourceTree = "<group>"; };
		044EDEEC2AA9BE49007F9263 /* Montserrat-Regular.ttf */ = {isa = PBXFileReference; lastKnownFileType = file; path = "Montserrat-Regular.ttf"; sourceTree = "<group>"; };
		044EDEED2AA9BE49007F9263 /* Montserrat-Italic.ttf */ = {isa = PBXFileReference; lastKnownFileType = file; path = "Montserrat-Italic.ttf"; sourceTree = "<group>"; };
		044EDEEE2AA9BE49007F9263 /* Montserrat-SemiBoldItalic.ttf */ = {isa = PBXFileReference; lastKnownFileType = file; path = "Montserrat-SemiBoldItalic.ttf"; sourceTree = "<group>"; };
		044EDEEF2AA9BE49007F9263 /* Montserrat-ExtraBoldItalic.ttf */ = {isa = PBXFileReference; lastKnownFileType = file; path = "Montserrat-ExtraBoldItalic.ttf"; sourceTree = "<group>"; };
		044EDF552AA9E22F007F9263 /* Assets.xcassets */ = {isa = PBXFileReference; lastKnownFileType = folder.assetcatalog; name = Assets.xcassets; path = "../../../../Downloads/Neobis_iOS_WeatherApp-main-2/Neobis_iOS_WeatherApp/Assets.xcassets"; sourceTree = "<group>"; };
		04CB90CF2A9CD6740075DDE7 /* WeatherModel.swift */ = {isa = PBXFileReference; lastKnownFileType = sourcecode.swift; path = WeatherModel.swift; sourceTree = "<group>"; };
		04CB90D12A9CD6A30075DDE7 /* WeekModel.swift */ = {isa = PBXFileReference; lastKnownFileType = sourcecode.swift; path = WeekModel.swift; sourceTree = "<group>"; };
		04CB90D42A9CD7070075DDE7 /* WeatherService.swift */ = {isa = PBXFileReference; lastKnownFileType = sourcecode.swift; path = WeatherService.swift; sourceTree = "<group>"; };
		04CB90D72A9CD76E0075DDE7 /* WeatherViewModel.swift */ = {isa = PBXFileReference; lastKnownFileType = sourcecode.swift; path = WeatherViewModel.swift; sourceTree = "<group>"; };
		04CB90D92A9CD7AA0075DDE7 /* WeekViewModel.swift */ = {isa = PBXFileReference; lastKnownFileType = sourcecode.swift; path = WeekViewModel.swift; sourceTree = "<group>"; };
		04CB90DC2A9CD7EE0075DDE7 /* MainView.swift */ = {isa = PBXFileReference; lastKnownFileType = sourcecode.swift; path = MainView.swift; sourceTree = "<group>"; };
		04CB90DE2A9CD8510075DDE7 /* WeatherDayView.swift */ = {isa = PBXFileReference; lastKnownFileType = sourcecode.swift; path = WeatherDayView.swift; sourceTree = "<group>"; };
		12CC6874302B3745D437AFE3 /* Pods_Neobis_iOS_WeatherApp.framework */ = {isa = PBXFileReference; explicitFileType = wrapper.framework; includeInIndex = 0; path = Pods_Neobis_iOS_WeatherApp.framework; sourceTree = BUILT_PRODUCTS_DIR; };
		1C7C59B0B962755E901E6A1D /* Pods-Neobis_iOS_WeatherApp.debug.xcconfig */ = {isa = PBXFileReference; includeInIndex = 1; lastKnownFileType = text.xcconfig; name = "Pods-Neobis_iOS_WeatherApp.debug.xcconfig"; path = "Target Support Files/Pods-Neobis_iOS_WeatherApp/Pods-Neobis_iOS_WeatherApp.debug.xcconfig"; sourceTree = "<group>"; };
		5068E9C08551FC32285C094D /* Pods-Neobis_iOS_WeatherApp.release.xcconfig */ = {isa = PBXFileReference; includeInIndex = 1; lastKnownFileType = text.xcconfig; name = "Pods-Neobis_iOS_WeatherApp.release.xcconfig"; path = "Target Support Files/Pods-Neobis_iOS_WeatherApp/Pods-Neobis_iOS_WeatherApp.release.xcconfig"; sourceTree = "<group>"; };
/* End PBXFileReference section */

/* Begin PBXFrameworksBuildPhase section */
		041696202A9CC98400F638BF /* Frameworks */ = {
			isa = PBXFrameworksBuildPhase;
			buildActionMask = 2147483647;
			files = (
				543B5D5A1A3A963A0AC9C8BD /* Pods_Neobis_iOS_WeatherApp.framework in Frameworks */,
			);
			runOnlyForDeploymentPostprocessing = 0;
		};
/* End PBXFrameworksBuildPhase section */

/* Begin PBXGroup section */
		040905662AA9FC67003065B3 /* Helper */ = {
			isa = PBXGroup;
			children = (
				040905672AA9FC85003065B3 /* Extensions.swift */,
			);
			path = Helper;
			sourceTree = "<group>";
		};
		0409056B2AAA1649003065B3 /* Controller */ = {
			isa = PBXGroup;
			children = (
				0438D10C2A9E379B004AB796 /* SearchController.swift */,
				0416962A2A9CC98400F638BF /* WeatherViewController.swift */,
			);
			path = Controller;
			sourceTree = "<group>";
		};
		0416961A2A9CC98400F638BF = {
			isa = PBXGroup;
			children = (
				041696252A9CC98400F638BF /* Neobis_iOS_WeatherApp */,
				041696242A9CC98400F638BF /* Products */,
				2ADC89844CB28D72C235B9D8 /* Pods */,
				8CCB55AE635D0860C6D93005 /* Frameworks */,
			);
			sourceTree = "<group>";
		};
		041696242A9CC98400F638BF /* Products */ = {
			isa = PBXGroup;
			children = (
				041696232A9CC98400F638BF /* Neobis_iOS_WeatherApp.app */,
			);
			name = Products;
			sourceTree = "<group>";
		};
		041696252A9CC98400F638BF /* Neobis_iOS_WeatherApp */ = {
			isa = PBXGroup;
			children = (
				04CB90CE2A9CD6550075DDE7 /* Model */,
				04CB90DB2A9CD7DF0075DDE7 /* View */,
				04CB90D62A9CD7570075DDE7 /* ViewModel */,
				04CB90D32A9CD6F20075DDE7 /* Service */,
				040905662AA9FC67003065B3 /* Helper */,
				0438D10E2A9E386F004AB796 /* Delegate */,
				044EDEDD2AA9BE49007F9263 /* Font */,
				0416962C2A9CC98400F638BF /* Main.storyboard */,
				044EDF552AA9E22F007F9263 /* Assets.xcassets */,
				041696312A9CC98500F638BF /* LaunchScreen.storyboard */,
				041696342A9CC98500F638BF /* Info.plist */,
			);
			path = Neobis_iOS_WeatherApp;
			sourceTree = "<group>";
		};
		0438D10E2A9E386F004AB796 /* Delegate */ = {
			isa = PBXGroup;
			children = (
				041696262A9CC98400F638BF /* AppDelegate.swift */,
				041696282A9CC98400F638BF /* SceneDelegate.swift */,
			);
			path = Delegate;
			sourceTree = "<group>";
		};
		044EDEDD2AA9BE49007F9263 /* Font */ = {
			isa = PBXGroup;
			children = (
				044EDEDE2AA9BE49007F9263 /* Montserrat-LightItalic.ttf */,
				044EDEDF2AA9BE49007F9263 /* Montserrat-Medium.ttf */,
				044EDEE02AA9BE49007F9263 /* Montserrat-BoldItalic.ttf */,
				044EDEE12AA9BE49007F9263 /* Montserrat-Light.ttf */,
				044EDEE22AA9BE49007F9263 /* Montserrat-ThinItalic.ttf */,
				044EDEE32AA9BE49007F9263 /* Montserrat-ExtraLight.ttf */,
				044EDEE42AA9BE49007F9263 /* Montserrat-Thin.ttf */,
				044EDEE52AA9BE49007F9263 /* Montserrat-Bold.ttf */,
				044EDEE62AA9BE49007F9263 /* Montserrat-MediumItalic.ttf */,
				044EDEE72AA9BE49007F9263 /* Montserrat-BlackItalic.ttf */,
				044EDEE82AA9BE49007F9263 /* Montserrat-SemiBold.ttf */,
				044EDEE92AA9BE49007F9263 /* Montserrat-ExtraLightItalic.ttf */,
				044EDEEA2AA9BE49007F9263 /* Montserrat-ExtraBold.ttf */,
				044EDEEB2AA9BE49007F9263 /* Montserrat-Black.ttf */,
				044EDEEC2AA9BE49007F9263 /* Montserrat-Regular.ttf */,
				044EDEED2AA9BE49007F9263 /* Montserrat-Italic.ttf */,
				044EDEEE2AA9BE49007F9263 /* Montserrat-SemiBoldItalic.ttf */,
				044EDEEF2AA9BE49007F9263 /* Montserrat-ExtraBoldItalic.ttf */,
			);
			name = Font;
			path = "../../../../Downloads/Neobis_iOS_WeatherApp-main-2/Neobis_iOS_WeatherApp/Font";
			sourceTree = "<group>";
		};
		04CB90CE2A9CD6550075DDE7 /* Model */ = {
			isa = PBXGroup;
			children = (
				04CB90CF2A9CD6740075DDE7 /* WeatherModel.swift */,
				04CB90D12A9CD6A30075DDE7 /* WeekModel.swift */,
			);
			path = Model;
			sourceTree = "<group>";
		};
		04CB90D32A9CD6F20075DDE7 /* Service */ = {
			isa = PBXGroup;
			children = (
				04CB90D42A9CD7070075DDE7 /* WeatherService.swift */,
			);
			path = Service;
			sourceTree = "<group>";
		};
		04CB90D62A9CD7570075DDE7 /* ViewModel */ = {
			isa = PBXGroup;
			children = (
				04CB90D92A9CD7AA0075DDE7 /* WeekViewModel.swift */,
				04CB90D72A9CD76E0075DDE7 /* WeatherViewModel.swift */,
			);
			path = ViewModel;
			sourceTree = "<group>";
		};
		04CB90DB2A9CD7DF0075DDE7 /* View */ = {
			isa = PBXGroup;
			children = (
				0409056B2AAA1649003065B3 /* Controller */,
				04CB90DC2A9CD7EE0075DDE7 /* MainView.swift */,
				04CB90DE2A9CD8510075DDE7 /* WeatherDayView.swift */,
			);
			path = View;
			sourceTree = "<group>";
		};
		2ADC89844CB28D72C235B9D8 /* Pods */ = {
			isa = PBXGroup;
			children = (
				1C7C59B0B962755E901E6A1D /* Pods-Neobis_iOS_WeatherApp.debug.xcconfig */,
				5068E9C08551FC32285C094D /* Pods-Neobis_iOS_WeatherApp.release.xcconfig */,
			);
			path = Pods;
			sourceTree = "<group>";
		};
		8CCB55AE635D0860C6D93005 /* Frameworks */ = {
			isa = PBXGroup;
			children = (
				12CC6874302B3745D437AFE3 /* Pods_Neobis_iOS_WeatherApp.framework */,
			);
			name = Frameworks;
			sourceTree = "<group>";
		};
/* End PBXGroup section */

/* Begin PBXNativeTarget section */
		041696222A9CC98400F638BF /* Neobis_iOS_WeatherApp */ = {
			isa = PBXNativeTarget;
			buildConfigurationList = 041696372A9CC98500F638BF /* Build configuration list for PBXNativeTarget "Neobis_iOS_WeatherApp" */;
			buildPhases = (
				16DCDCA5B2FCDD0461D5A45A /* [CP] Check Pods Manifest.lock */,
				0416961F2A9CC98400F638BF /* Sources */,
				041696202A9CC98400F638BF /* Frameworks */,
				041696212A9CC98400F638BF /* Resources */,
				91194DC3125FF5F26934B41B /* [CP] Embed Pods Frameworks */,
			);
			buildRules = (
			);
			dependencies = (
			);
			name = Neobis_iOS_WeatherApp;
			productName = Neobis_iOS_WeatherApp;
			productReference = 041696232A9CC98400F638BF /* Neobis_iOS_WeatherApp.app */;
			productType = "com.apple.product-type.application";
		};
/* End PBXNativeTarget section */

/* Begin PBXProject section */
		0416961B2A9CC98400F638BF /* Project object */ = {
			isa = PBXProject;
			attributes = {
				BuildIndependentTargetsInParallel = 1;
				LastSwiftUpdateCheck = 1430;
				LastUpgradeCheck = 1430;
				TargetAttributes = {
					041696222A9CC98400F638BF = {
						CreatedOnToolsVersion = 14.3.1;
					};
				};
			};
			buildConfigurationList = 0416961E2A9CC98400F638BF /* Build configuration list for PBXProject "Neobis_iOS_WeatherApp" */;
			compatibilityVersion = "Xcode 14.0";
			developmentRegion = en;
			hasScannedForEncodings = 0;
			knownRegions = (
				en,
				Base,
			);
			mainGroup = 0416961A2A9CC98400F638BF;
			productRefGroup = 041696242A9CC98400F638BF /* Products */;
			projectDirPath = "";
			projectRoot = "";
			targets = (
				041696222A9CC98400F638BF /* Neobis_iOS_WeatherApp */,
			);
		};
/* End PBXProject section */

/* Begin PBXResourcesBuildPhase section */
		041696212A9CC98400F638BF /* Resources */ = {
			isa = PBXResourcesBuildPhase;
			buildActionMask = 2147483647;
			files = (
				044EDEFE2AA9BE49007F9263 /* Montserrat-Regular.ttf in Resources */,
				044EDEF62AA9BE49007F9263 /* Montserrat-Thin.ttf in Resources */,
				044EDF562AA9E22F007F9263 /* Assets.xcassets in Resources */,
				044EDEFD2AA9BE49007F9263 /* Montserrat-Black.ttf in Resources */,
				044EDEF32AA9BE49007F9263 /* Montserrat-Light.ttf in Resources */,
				044EDEFB2AA9BE49007F9263 /* Montserrat-ExtraLightItalic.ttf in Resources */,
				044EDEF22AA9BE49007F9263 /* Montserrat-BoldItalic.ttf in Resources */,
				044EDEFF2AA9BE49007F9263 /* Montserrat-Italic.ttf in Resources */,
				044EDEF42AA9BE49007F9263 /* Montserrat-ThinItalic.ttf in Resources */,
				044EDEFC2AA9BE49007F9263 /* Montserrat-ExtraBold.ttf in Resources */,
				044EDEF02AA9BE49007F9263 /* Montserrat-LightItalic.ttf in Resources */,
				044EDEF52AA9BE49007F9263 /* Montserrat-ExtraLight.ttf in Resources */,
				044EDEF12AA9BE49007F9263 /* Montserrat-Medium.ttf in Resources */,
				041696332A9CC98500F638BF /* LaunchScreen.storyboard in Resources */,
				044EDEF92AA9BE49007F9263 /* Montserrat-BlackItalic.ttf in Resources */,
				044EDEFA2AA9BE49007F9263 /* Montserrat-SemiBold.ttf in Resources */,
				044EDEF72AA9BE49007F9263 /* Montserrat-Bold.ttf in Resources */,
				044EDEF82AA9BE49007F9263 /* Montserrat-MediumItalic.ttf in Resources */,
				044EDF012AA9BE49007F9263 /* Montserrat-ExtraBoldItalic.ttf in Resources */,
				044EDF002AA9BE49007F9263 /* Montserrat-SemiBoldItalic.ttf in Resources */,
				0416962E2A9CC98400F638BF /* Main.storyboard in Resources */,
			);
			runOnlyForDeploymentPostprocessing = 0;
		};
/* End PBXResourcesBuildPhase section */

/* Begin PBXShellScriptBuildPhase section */
		16DCDCA5B2FCDD0461D5A45A /* [CP] Check Pods Manifest.lock */ = {
			isa = PBXShellScriptBuildPhase;
			buildActionMask = 2147483647;
			files = (
			);
			inputFileListPaths = (
			);
			inputPaths = (
				"${PODS_PODFILE_DIR_PATH}/Podfile.lock",
				"${PODS_ROOT}/Manifest.lock",
			);
			name = "[CP] Check Pods Manifest.lock";
			outputFileListPaths = (
			);
			outputPaths = (
				"$(DERIVED_FILE_DIR)/Pods-Neobis_iOS_WeatherApp-checkManifestLockResult.txt",
			);
			runOnlyForDeploymentPostprocessing = 0;
			shellPath = /bin/sh;
			shellScript = "diff \"${PODS_PODFILE_DIR_PATH}/Podfile.lock\" \"${PODS_ROOT}/Manifest.lock\" > /dev/null\nif [ $? != 0 ] ; then\n    # print error to STDERR\n    echo \"error: The sandbox is not in sync with the Podfile.lock. Run 'pod install' or update your CocoaPods installation.\" >&2\n    exit 1\nfi\n# This output is used by Xcode 'outputs' to avoid re-running this script phase.\necho \"SUCCESS\" > \"${SCRIPT_OUTPUT_FILE_0}\"\n";
			showEnvVarsInLog = 0;
		};
		91194DC3125FF5F26934B41B /* [CP] Embed Pods Frameworks */ = {
			isa = PBXShellScriptBuildPhase;
			buildActionMask = 2147483647;
			files = (
			);
			inputFileListPaths = (
				"${PODS_ROOT}/Target Support Files/Pods-Neobis_iOS_WeatherApp/Pods-Neobis_iOS_WeatherApp-frameworks-${CONFIGURATION}-input-files.xcfilelist",
			);
			name = "[CP] Embed Pods Frameworks";
			outputFileListPaths = (
				"${PODS_ROOT}/Target Support Files/Pods-Neobis_iOS_WeatherApp/Pods-Neobis_iOS_WeatherApp-frameworks-${CONFIGURATION}-output-files.xcfilelist",
			);
			runOnlyForDeploymentPostprocessing = 0;
			shellPath = /bin/sh;
			shellScript = "\"${PODS_ROOT}/Target Support Files/Pods-Neobis_iOS_WeatherApp/Pods-Neobis_iOS_WeatherApp-frameworks.sh\"\n";
			showEnvVarsInLog = 0;
		};
/* End PBXShellScriptBuildPhase section */

/* Begin PBXSourcesBuildPhase section */
		0416961F2A9CC98400F638BF /* Sources */ = {
			isa = PBXSourcesBuildPhase;
			buildActionMask = 2147483647;
			files = (
				0416962B2A9CC98400F638BF /* WeatherViewController.swift in Sources */,
				04CB90DD2A9CD7EE0075DDE7 /* MainView.swift in Sources */,
				041696272A9CC98400F638BF /* AppDelegate.swift in Sources */,
				04CB90D02A9CD6740075DDE7 /* WeatherModel.swift in Sources */,
				04CB90DF2A9CD8510075DDE7 /* WeatherDayView.swift in Sources */,
				04CB90D82A9CD76E0075DDE7 /* WeatherViewModel.swift in Sources */,
				041696292A9CC98400F638BF /* SceneDelegate.swift in Sources */,
				040905682AA9FC85003065B3 /* Extensions.swift in Sources */,
				04CB90D22A9CD6A30075DDE7 /* WeekModel.swift in Sources */,
				0438D10D2A9E379B004AB796 /* SearchController.swift in Sources */,
				04CB90DA2A9CD7AA0075DDE7 /* WeekViewModel.swift in Sources */,
				04CB90D52A9CD7070075DDE7 /* WeatherService.swift in Sources */,
			);
			runOnlyForDeploymentPostprocessing = 0;
		};
/* End PBXSourcesBuildPhase section */

/* Begin PBXVariantGroup section */
		0416962C2A9CC98400F638BF /* Main.storyboard */ = {
			isa = PBXVariantGroup;
			children = (
				0416962D2A9CC98400F638BF /* Base */,
			);
			name = Main.storyboard;
			sourceTree = "<group>";
		};
		041696312A9CC98500F638BF /* LaunchScreen.storyboard */ = {
			isa = PBXVariantGroup;
			children = (
				041696322A9CC98500F638BF /* Base */,
			);
			name = LaunchScreen.storyboard;
			sourceTree = "<group>";
		};
/* End PBXVariantGroup section */

/* Begin XCBuildConfiguration section */
		041696352A9CC98500F638BF /* Debug */ = {
			isa = XCBuildConfiguration;
			buildSettings = {
				ALWAYS_SEARCH_USER_PATHS = NO;
				CLANG_ANALYZER_NONNULL = YES;
				CLANG_ANALYZER_NUMBER_OBJECT_CONVERSION = YES_AGGRESSIVE;
				CLANG_CXX_LANGUAGE_STANDARD = "gnu++20";
				CLANG_ENABLE_MODULES = YES;
				CLANG_ENABLE_OBJC_ARC = YES;
				CLANG_ENABLE_OBJC_WEAK = YES;
				CLANG_WARN_BLOCK_CAPTURE_AUTORELEASING = YES;
				CLANG_WARN_BOOL_CONVERSION = YES;
				CLANG_WARN_COMMA = YES;
				CLANG_WARN_CONSTANT_CONVERSION = YES;
				CLANG_WARN_DEPRECATED_OBJC_IMPLEMENTATIONS = YES;
				CLANG_WARN_DIRECT_OBJC_ISA_USAGE = YES_ERROR;
				CLANG_WARN_DOCUMENTATION_COMMENTS = YES;
				CLANG_WARN_EMPTY_BODY = YES;
				CLANG_WARN_ENUM_CONVERSION = YES;
				CLANG_WARN_INFINITE_RECURSION = YES;
				CLANG_WARN_INT_CONVERSION = YES;
				CLANG_WARN_NON_LITERAL_NULL_CONVERSION = YES;
				CLANG_WARN_OBJC_IMPLICIT_RETAIN_SELF = YES;
				CLANG_WARN_OBJC_LITERAL_CONVERSION = YES;
				CLANG_WARN_OBJC_ROOT_CLASS = YES_ERROR;
				CLANG_WARN_QUOTED_INCLUDE_IN_FRAMEWORK_HEADER = YES;
				CLANG_WARN_RANGE_LOOP_ANALYSIS = YES;
				CLANG_WARN_STRICT_PROTOTYPES = YES;
				CLANG_WARN_SUSPICIOUS_MOVE = YES;
				CLANG_WARN_UNGUARDED_AVAILABILITY = YES_AGGRESSIVE;
				CLANG_WARN_UNREACHABLE_CODE = YES;
				CLANG_WARN__DUPLICATE_METHOD_MATCH = YES;
				COPY_PHASE_STRIP = NO;
				DEBUG_INFORMATION_FORMAT = dwarf;
				ENABLE_STRICT_OBJC_MSGSEND = YES;
				ENABLE_TESTABILITY = YES;
				GCC_C_LANGUAGE_STANDARD = gnu11;
				GCC_DYNAMIC_NO_PIC = NO;
				GCC_NO_COMMON_BLOCKS = YES;
				GCC_OPTIMIZATION_LEVEL = 0;
				GCC_PREPROCESSOR_DEFINITIONS = (
					"DEBUG=1",
					"$(inherited)",
				);
				GCC_WARN_64_TO_32_BIT_CONVERSION = YES;
				GCC_WARN_ABOUT_RETURN_TYPE = YES_ERROR;
				GCC_WARN_UNDECLARED_SELECTOR = YES;
				GCC_WARN_UNINITIALIZED_AUTOS = YES_AGGRESSIVE;
				GCC_WARN_UNUSED_FUNCTION = YES;
				GCC_WARN_UNUSED_VARIABLE = YES;
				IPHONEOS_DEPLOYMENT_TARGET = 16.4;
				MTL_ENABLE_DEBUG_INFO = INCLUDE_SOURCE;
				MTL_FAST_MATH = YES;
				ONLY_ACTIVE_ARCH = YES;
				SDKROOT = iphoneos;
				SWIFT_ACTIVE_COMPILATION_CONDITIONS = DEBUG;
				SWIFT_OPTIMIZATION_LEVEL = "-Onone";
			};
			name = Debug;
		};
		041696362A9CC98500F638BF /* Release */ = {
			isa = XCBuildConfiguration;
			buildSettings = {
				ALWAYS_SEARCH_USER_PATHS = NO;
				CLANG_ANALYZER_NONNULL = YES;
				CLANG_ANALYZER_NUMBER_OBJECT_CONVERSION = YES_AGGRESSIVE;
				CLANG_CXX_LANGUAGE_STANDARD = "gnu++20";
				CLANG_ENABLE_MODULES = YES;
				CLANG_ENABLE_OBJC_ARC = YES;
				CLANG_ENABLE_OBJC_WEAK = YES;
				CLANG_WARN_BLOCK_CAPTURE_AUTORELEASING = YES;
				CLANG_WARN_BOOL_CONVERSION = YES;
				CLANG_WARN_COMMA = YES;
				CLANG_WARN_CONSTANT_CONVERSION = YES;
				CLANG_WARN_DEPRECATED_OBJC_IMPLEMENTATIONS = YES;
				CLANG_WARN_DIRECT_OBJC_ISA_USAGE = YES_ERROR;
				CLANG_WARN_DOCUMENTATION_COMMENTS = YES;
				CLANG_WARN_EMPTY_BODY = YES;
				CLANG_WARN_ENUM_CONVERSION = YES;
				CLANG_WARN_INFINITE_RECURSION = YES;
				CLANG_WARN_INT_CONVERSION = YES;
				CLANG_WARN_NON_LITERAL_NULL_CONVERSION = YES;
				CLANG_WARN_OBJC_IMPLICIT_RETAIN_SELF = YES;
				CLANG_WARN_OBJC_LITERAL_CONVERSION = YES;
				CLANG_WARN_OBJC_ROOT_CLASS = YES_ERROR;
				CLANG_WARN_QUOTED_INCLUDE_IN_FRAMEWORK_HEADER = YES;
				CLANG_WARN_RANGE_LOOP_ANALYSIS = YES;
				CLANG_WARN_STRICT_PROTOTYPES = YES;
				CLANG_WARN_SUSPICIOUS_MOVE = YES;
				CLANG_WARN_UNGUARDED_AVAILABILITY = YES_AGGRESSIVE;
				CLANG_WARN_UNREACHABLE_CODE = YES;
				CLANG_WARN__DUPLICATE_METHOD_MATCH = YES;
				COPY_PHASE_STRIP = NO;
				DEBUG_INFORMATION_FORMAT = "dwarf-with-dsym";
				ENABLE_NS_ASSERTIONS = NO;
				ENABLE_STRICT_OBJC_MSGSEND = YES;
				GCC_C_LANGUAGE_STANDARD = gnu11;
				GCC_NO_COMMON_BLOCKS = YES;
				GCC_WARN_64_TO_32_BIT_CONVERSION = YES;
				GCC_WARN_ABOUT_RETURN_TYPE = YES_ERROR;
				GCC_WARN_UNDECLARED_SELECTOR = YES;
				GCC_WARN_UNINITIALIZED_AUTOS = YES_AGGRESSIVE;
				GCC_WARN_UNUSED_FUNCTION = YES;
				GCC_WARN_UNUSED_VARIABLE = YES;
				IPHONEOS_DEPLOYMENT_TARGET = 16.4;
				MTL_ENABLE_DEBUG_INFO = NO;
				MTL_FAST_MATH = YES;
				SDKROOT = iphoneos;
				SWIFT_COMPILATION_MODE = wholemodule;
				SWIFT_OPTIMIZATION_LEVEL = "-O";
				VALIDATE_PRODUCT = YES;
			};
			name = Release;
		};
		041696382A9CC98500F638BF /* Debug */ = {
			isa = XCBuildConfiguration;
			baseConfigurationReference = 1C7C59B0B962755E901E6A1D /* Pods-Neobis_iOS_WeatherApp.debug.xcconfig */;
			buildSettings = {
				ASSETCATALOG_COMPILER_APPICON_NAME = AppIcon;
				ASSETCATALOG_COMPILER_GLOBAL_ACCENT_COLOR_NAME = AccentColor;
				CODE_SIGN_STYLE = Automatic;
				CURRENT_PROJECT_VERSION = 1;
				DEVELOPMENT_TEAM = P5S89DFD3A;
				GENERATE_INFOPLIST_FILE = YES;
				INFOPLIST_FILE = Neobis_iOS_WeatherApp/Info.plist;
				INFOPLIST_KEY_UIApplicationSupportsIndirectInputEvents = YES;
				INFOPLIST_KEY_UILaunchStoryboardName = LaunchScreen;
				INFOPLIST_KEY_UIMainStoryboardFile = Main;
				INFOPLIST_KEY_UISupportedInterfaceOrientations_iPad = "UIInterfaceOrientationPortrait UIInterfaceOrientationPortraitUpsideDown UIInterfaceOrientationLandscapeLeft UIInterfaceOrientationLandscapeRight";
				INFOPLIST_KEY_UISupportedInterfaceOrientations_iPhone = "UIInterfaceOrientationPortrait UIInterfaceOrientationLandscapeLeft UIInterfaceOrientationLandscapeRight";
				LD_RUNPATH_SEARCH_PATHS = (
					"$(inherited)",
					"@executable_path/Frameworks",
				);
				MARKETING_VERSION = 1.0;
				PRODUCT_BUNDLE_IDENTIFIER = "asko.soronbekov-gmail.com.Neobis-iOS-WeatherApp";
				PRODUCT_NAME = "$(TARGET_NAME)";
				SWIFT_EMIT_LOC_STRINGS = YES;
				SWIFT_VERSION = 5.0;
				TARGETED_DEVICE_FAMILY = "1,2";
			};
			name = Debug;
		};
		041696392A9CC98500F638BF /* Release */ = {
			isa = XCBuildConfiguration;
			baseConfigurationReference = 5068E9C08551FC32285C094D /* Pods-Neobis_iOS_WeatherApp.release.xcconfig */;
			buildSettings = {
				ASSETCATALOG_COMPILER_APPICON_NAME = AppIcon;
				ASSETCATALOG_COMPILER_GLOBAL_ACCENT_COLOR_NAME = AccentColor;
				CODE_SIGN_STYLE = Automatic;
				CURRENT_PROJECT_VERSION = 1;
				DEVELOPMENT_TEAM = P5S89DFD3A;
				GENERATE_INFOPLIST_FILE = YES;
				INFOPLIST_FILE = Neobis_iOS_WeatherApp/Info.plist;
				INFOPLIST_KEY_UIApplicationSupportsIndirectInputEvents = YES;
				INFOPLIST_KEY_UILaunchStoryboardName = LaunchScreen;
				INFOPLIST_KEY_UIMainStoryboardFile = Main;
				INFOPLIST_KEY_UISupportedInterfaceOrientations_iPad = "UIInterfaceOrientationPortrait UIInterfaceOrientationPortraitUpsideDown UIInterfaceOrientationLandscapeLeft UIInterfaceOrientationLandscapeRight";
				INFOPLIST_KEY_UISupportedInterfaceOrientations_iPhone = "UIInterfaceOrientationPortrait UIInterfaceOrientationLandscapeLeft UIInterfaceOrientationLandscapeRight";
				LD_RUNPATH_SEARCH_PATHS = (
					"$(inherited)",
					"@executable_path/Frameworks",
				);
				MARKETING_VERSION = 1.0;
				PRODUCT_BUNDLE_IDENTIFIER = "asko.soronbekov-gmail.com.Neobis-iOS-WeatherApp";
				PRODUCT_NAME = "$(TARGET_NAME)";
				SWIFT_EMIT_LOC_STRINGS = YES;
				SWIFT_VERSION = 5.0;
				TARGETED_DEVICE_FAMILY = "1,2";
			};
			name = Release;
		};
/* End XCBuildConfiguration section */

/* Begin XCConfigurationList section */
		0416961E2A9CC98400F638BF /* Build configuration list for PBXProject "Neobis_iOS_WeatherApp" */ = {
			isa = XCConfigurationList;
			buildConfigurations = (
				041696352A9CC98500F638BF /* Debug */,
				041696362A9CC98500F638BF /* Release */,
			);
			defaultConfigurationIsVisible = 0;
			defaultConfigurationName = Release;
		};
		041696372A9CC98500F638BF /* Build configuration list for PBXNativeTarget "Neobis_iOS_WeatherApp" */ = {
			isa = XCConfigurationList;
			buildConfigurations = (
				041696382A9CC98500F638BF /* Debug */,
				041696392A9CC98500F638BF /* Release */,
			);
			defaultConfigurationIsVisible = 0;
			defaultConfigurationName = Release;
		};
/* End XCConfigurationList section */
	};
	rootObject = 0416961B2A9CC98400F638BF /* Project object */;
}
